
Microsoft Visual Studio Solution File, Format Version 12.00
# Visual Studio Version 17
VisualStudioVersion = 17.7.34024.191
MinimumVisualStudioVersion = 10.0.40219.1
Project("{FAE04EC0-301F-11D3-BF4B-00C04F79EFBC}") = "GreenThumbFinal", "GreenThumbFinal\GreenThumbFinal.csproj", "{2A206E20-2BEC-49D1-8475-3823D8CF4378}"
EndProject
Global
	GlobalSection(SolutionConfigurationPlatforms) = preSolution
		Debug|Any CPU = Debug|Any CPU
		Release|Any CPU = Release|Any CPU
	EndGlobalSection
	GlobalSection(ProjectConfigurationPlatforms) = postSolution
		{2A206E20-2BEC-49D1-8475-3823D8CF4378}.Debug|Any CPU.ActiveCfg = Debug|Any CPU
		{2A206E20-2BEC-49D1-8475-3823D8CF4378}.Debug|Any CPU.Build.0 = Debug|Any CPU
		{2A206E20-2BEC-49D1-8475-3823D8CF4378}.Release|Any CPU.ActiveCfg = Release|Any CPU
		{2A206E20-2BEC-49D1-8475-3823D8CF4378}.Release|Any CPU.Build.0 = Release|Any CPU
	EndGlobalSection
	GlobalSection(SolutionProperties) = preSolution
		HideSolutionNode = FALSE
	EndGlobalSection
	GlobalSection(ExtensibilityGlobals) = postSolution
		SolutionGuid = {23BD51F3-C881-4447-9AA7-0437555DD2F4}
	EndGlobalSection
EndGlobal
